PODS:
  - Alamofire (5.8.1)
  - KakaoSDKAuth (2.20.0):
    - KakaoSDKCommon (= 2.20.0)
  - KakaoSDKCommon (2.20.0):
    - KakaoSDKCommon/Common (= 2.20.0)
    - KakaoSDKCommon/Network (= 2.20.0)
  - KakaoSDKCommon/Common (2.20.0)
  - KakaoSDKCommon/Network (2.20.0):
    - Alamofire (~> 5.1)
    - KakaoSDKCommon/Common (= 2.20.0)
  - KakaoSDKUser (2.20.0):
    - KakaoSDKAuth (= 2.20.0)
  - lottie-ios (4.3.4)
  - SnapKit (5.0.1)
  - SwiftLint (0.54.0)

DEPENDENCIES:
  - KakaoSDKAuth
  - KakaoSDKUser
  - lottie-ios
  - SnapKit (~> 5.0.0)
  - SwiftLint

SPEC REPOS:
  trunk:
    - Alamofire
    - KakaoSDKAuth
    - KakaoSDKCommon
    - KakaoSDKUser
    - lottie-ios
    - SnapKit
    - SwiftLint

SPEC CHECKSUMS:
  Alamofire: 3ca42e259043ee0dc5c0cdd76c4bc568b8e42af7
  KakaoSDKAuth: 02742f4681af6da8c4aa7b0f71df98ca9e7df834
  KakaoSDKCommon: 060a8085733a215a048f9bf9b39a846d1be1daee
  KakaoSDKUser: 0594b37675fb634304da3ecc83830c0ec84ceef5
  lottie-ios: 3d98679b41fa6fd6aff2352b3953dbd3df8a397e
  SnapKit: 97b92857e3df3a0c71833cce143274bf6ef8e5eb
  SwiftLint: c1de071d9d08c8aba837545f6254315bc900e211

PODFILE CHECKSUM: be21dc2b835c4b0e56d43af9ff1fc1d310392dad

COCOAPODS: 1.11.2
